
Microsoft Visual Studio Solution File, Format Version 12.00
Project("{2150E333-8FDC-42A3-9474-1A3956D46DE8}") = "tests", "tests", "{0423E287-4EE4-4066-AA93-C7ABA463E9D3}"
EndProject
Project("{FAE04EC0-301F-11D3-BF4B-00C04F79EFBC}") = "core_service", "core_service\core_service.csproj", "{780B492B-993E-4DA6-82E3-7BB0B8CF46D2}"
EndProject
Project("{FAE04EC0-301F-11D3-BF4B-00C04F79EFBC}") = "testing_repositories", "testing_repositories\testing_repositories.csproj", "{B83E0DA6-212D-43D7-B253-C2A93F7747E1}"
EndProject
Global
	GlobalSection(SolutionConfigurationPlatforms) = preSolution
		Debug|Any CPU = Debug|Any CPU
		Release|Any CPU = Release|Any CPU
	EndGlobalSection
	GlobalSection(ProjectConfigurationPlatforms) = postSolution
		{780B492B-993E-4DA6-82E3-7BB0B8CF46D2}.Debug|Any CPU.ActiveCfg = Debug|Any CPU
		{780B492B-993E-4DA6-82E3-7BB0B8CF46D2}.Debug|Any CPU.Build.0 = Debug|Any CPU
		{780B492B-993E-4DA6-82E3-7BB0B8CF46D2}.Release|Any CPU.ActiveCfg = Release|Any CPU
		{780B492B-993E-4DA6-82E3-7BB0B8CF46D2}.Release|Any CPU.Build.0 = Release|Any CPU
		{B83E0DA6-212D-43D7-B253-C2A93F7747E1}.Debug|Any CPU.ActiveCfg = Debug|Any CPU
		{B83E0DA6-212D-43D7-B253-C2A93F7747E1}.Debug|Any CPU.Build.0 = Debug|Any CPU
		{B83E0DA6-212D-43D7-B253-C2A93F7747E1}.Release|Any CPU.ActiveCfg = Release|Any CPU
		{B83E0DA6-212D-43D7-B253-C2A93F7747E1}.Release|Any CPU.Build.0 = Release|Any CPU
	EndGlobalSection
	GlobalSection(NestedProjects) = preSolution
		{B83E0DA6-212D-43D7-B253-C2A93F7747E1} = {0423E287-4EE4-4066-AA93-C7ABA463E9D3}
	EndGlobalSection
EndGlobal
